
Microsoft Visual Studio Solution File, Format Version 12.00
# Visual Studio Version 17
VisualStudioVersion = 17.9.34321.82
MinimumVisualStudioVersion = 10.0.40219.1
Project("{9A19103F-16F7-4668-BE54-9A1E7A4F7556}") = "GG.Api", "GG.Api\GG.Api.csproj", "{F1107B77-7658-472E-A104-106E53D7FEAC}"
EndProject
Project("{9A19103F-16F7-4668-BE54-9A1E7A4F7556}") = "GG.Auth", "GG.Auth\GG.Auth.csproj", "{9B4B31D2-04F5-4172-B391-B8336169D6E1}"
EndProject
Project("{FAE04EC0-301F-11D3-BF4B-00C04F79EFBC}") = "GG.Migrations.MsSql", "GG.MsSql.Migrations\GG.Migrations.MsSql.csproj", "{6437CA56-862F-48C7-B1CF-3224DD84EB0B}"
EndProject
Global
	GlobalSection(SolutionConfigurationPlatforms) = preSolution
		Debug|Any CPU = Debug|Any CPU
		Release|Any CPU = Release|Any CPU
	EndGlobalSection
	GlobalSection(ProjectConfigurationPlatforms) = postSolution
		{F1107B77-7658-472E-A104-106E53D7FEAC}.Debug|Any CPU.ActiveCfg = Debug|Any CPU
		{F1107B77-7658-472E-A104-106E53D7FEAC}.Debug|Any CPU.Build.0 = Debug|Any CPU
		{F1107B77-7658-472E-A104-106E53D7FEAC}.Release|Any CPU.ActiveCfg = Release|Any CPU
		{F1107B77-7658-472E-A104-106E53D7FEAC}.Release|Any CPU.Build.0 = Release|Any CPU
		{9B4B31D2-04F5-4172-B391-B8336169D6E1}.Debug|Any CPU.ActiveCfg = Debug|Any CPU
		{9B4B31D2-04F5-4172-B391-B8336169D6E1}.Debug|Any CPU.Build.0 = Debug|Any CPU
		{9B4B31D2-04F5-4172-B391-B8336169D6E1}.Release|Any CPU.ActiveCfg = Release|Any CPU
		{9B4B31D2-04F5-4172-B391-B8336169D6E1}.Release|Any CPU.Build.0 = Release|Any CPU
		{6437CA56-862F-48C7-B1CF-3224DD84EB0B}.Debug|Any CPU.ActiveCfg = Debug|Any CPU
		{6437CA56-862F-48C7-B1CF-3224DD84EB0B}.Debug|Any CPU.Build.0 = Debug|Any CPU
		{6437CA56-862F-48C7-B1CF-3224DD84EB0B}.Release|Any CPU.ActiveCfg = Release|Any CPU
		{6437CA56-862F-48C7-B1CF-3224DD84EB0B}.Release|Any CPU.Build.0 = Release|Any CPU
	EndGlobalSection
	GlobalSection(SolutionProperties) = preSolution
		HideSolutionNode = FALSE
	EndGlobalSection
	GlobalSection(ExtensibilityGlobals) = postSolution
		SolutionGuid = {AC19C1DC-5D98-44D7-9AB3-71F675BD4ED3}
	EndGlobalSection
EndGlobal
