
Microsoft Visual Studio Solution File, Format Version 12.00
# Visual Studio Version 17
VisualStudioVersion = 17.9.34321.82
MinimumVisualStudioVersion = 10.0.40219.1
Project("{9A19103F-16F7-4668-BE54-9A1E7A4F7556}") = "GG.ComingSoon.Api", "GG.ComingSoon.Api\GG.ComingSoon.Api.csproj", "{4D0673DA-545C-431A-9DEE-043785DC995D}"
EndProject
Project("{9A19103F-16F7-4668-BE54-9A1E7A4F7556}") = "GG.ComingSoon.Core", "GG.ComingSoon.Core\GG.ComingSoon.Core.csproj", "{31811059-629E-462E-80FA-B469019A703C}"
EndProject
Project("{9A19103F-16F7-4668-BE54-9A1E7A4F7556}") = "GG.ComingSoonMigrations.MsSql", "GG.ComingSoonMsSql.Migrations\GG.ComingSoonMigrations.MsSql.csproj", "{18EDBC3B-F8BF-4F74-A8D5-F427EB50EA49}"
EndProject
Global
	GlobalSection(SolutionConfigurationPlatforms) = preSolution
		Debug|Any CPU = Debug|Any CPU
		Release|Any CPU = Release|Any CPU
	EndGlobalSection
	GlobalSection(ProjectConfigurationPlatforms) = postSolution
		{4D0673DA-545C-431A-9DEE-043785DC995D}.Debug|Any CPU.ActiveCfg = Debug|Any CPU
		{4D0673DA-545C-431A-9DEE-043785DC995D}.Debug|Any CPU.Build.0 = Debug|Any CPU
		{4D0673DA-545C-431A-9DEE-043785DC995D}.Release|Any CPU.ActiveCfg = Release|Any CPU
		{4D0673DA-545C-431A-9DEE-043785DC995D}.Release|Any CPU.Build.0 = Release|Any CPU
		{31811059-629E-462E-80FA-B469019A703C}.Debug|Any CPU.ActiveCfg = Debug|Any CPU
		{31811059-629E-462E-80FA-B469019A703C}.Debug|Any CPU.Build.0 = Debug|Any CPU
		{31811059-629E-462E-80FA-B469019A703C}.Release|Any CPU.ActiveCfg = Release|Any CPU
		{31811059-629E-462E-80FA-B469019A703C}.Release|Any CPU.Build.0 = Release|Any CPU
		{18EDBC3B-F8BF-4F74-A8D5-F427EB50EA49}.Debug|Any CPU.ActiveCfg = Debug|Any CPU
		{18EDBC3B-F8BF-4F74-A8D5-F427EB50EA49}.Debug|Any CPU.Build.0 = Debug|Any CPU
		{18EDBC3B-F8BF-4F74-A8D5-F427EB50EA49}.Release|Any CPU.ActiveCfg = Release|Any CPU
		{18EDBC3B-F8BF-4F74-A8D5-F427EB50EA49}.Release|Any CPU.Build.0 = Release|Any CPU
	EndGlobalSection
	GlobalSection(SolutionProperties) = preSolution
		HideSolutionNode = FALSE
	EndGlobalSection
	GlobalSection(ExtensibilityGlobals) = postSolution
		SolutionGuid = {FA3ACD58-6DF2-45B1-B6AF-5851981F5113}
	EndGlobalSection
EndGlobal
